
Microsoft Visual Studio Solution File, Format Version 12.00
# Visual Studio Version 17
VisualStudioVersion = 17.14.36623.8 d17.14
MinimumVisualStudioVersion = 10.0.40219.1
Project("{FAE04EC0-301F-11D3-BF4B-00C04F79EFBC}") = "technova-ecom", "technova-ecom.csproj", "{7E8FAA72-49A5-47F3-9867-4DCD2A46C2A7}"
EndProject
Global
	GlobalSection(SolutionConfigurationPlatforms) = preSolution
		Debug|Any CPU = Debug|Any CPU
		Release|Any CPU = Release|Any CPU
	EndGlobalSection
	GlobalSection(ProjectConfigurationPlatforms) = postSolution
		{7E8FAA72-49A5-47F3-9867-4DCD2A46C2A7}.Debug|Any CPU.ActiveCfg = Debug|Any CPU
		{7E8FAA72-49A5-47F3-9867-4DCD2A46C2A7}.Debug|Any CPU.Build.0 = Debug|Any CPU
		{7E8FAA72-49A5-47F3-9867-4DCD2A46C2A7}.Release|Any CPU.ActiveCfg = Release|Any CPU
		{7E8FAA72-49A5-47F3-9867-4DCD2A46C2A7}.Release|Any CPU.Build.0 = Release|Any CPU
	EndGlobalSection
	GlobalSection(SolutionProperties) = preSolution
		HideSolutionNode = FALSE
	EndGlobalSection
	GlobalSection(ExtensibilityGlobals) = postSolution
		SolutionGuid = {6AFC88F0-EB46-4A82-923D-E741101A53F7}
	EndGlobalSection
EndGlobal
